
Microsoft Visual Studio Solution File, Format Version 12.00
# Visual Studio Version 16
VisualStudioVersion = 16.0.30517.126
MinimumVisualStudioVersion = 10.0.40219.1
Project("{FAE04EC0-301F-11D3-BF4B-00C04F79EFBC}") = "PokemonJSON", "PokemonJSON\PokemonJSON.csproj", "{A3B07F75-7869-472F-B584-0876DC791504}"
EndProject
Global
	GlobalSection(SolutionConfigurationPlatforms) = preSolution
		Debug|Any CPU = Debug|Any CPU
		Release|Any CPU = Release|Any CPU
	EndGlobalSection
	GlobalSection(ProjectConfigurationPlatforms) = postSolution
		{A3B07F75-7869-472F-B584-0876DC791504}.Debug|Any CPU.ActiveCfg = Debug|Any CPU
		{A3B07F75-7869-472F-B584-0876DC791504}.Debug|Any CPU.Build.0 = Debug|Any CPU
		{A3B07F75-7869-472F-B584-0876DC791504}.Release|Any CPU.ActiveCfg = Release|Any CPU
		{A3B07F75-7869-472F-B584-0876DC791504}.Release|Any CPU.Build.0 = Release|Any CPU
	EndGlobalSection
	GlobalSection(SolutionProperties) = preSolution
		HideSolutionNode = FALSE
	EndGlobalSection
	GlobalSection(ExtensibilityGlobals) = postSolution
		SolutionGuid = {EBAF2048-9C0C-4EB2-AC0E-9EC6C46AA8F3}
	EndGlobalSection
EndGlobal
